// !$*UTF8*$!
{
	archiveVersion = 1;
	classes = {
	};
	objectVersion = 77;
	objects = {

/* Begin PBXBuildFile section */
		1685478F2F00690000BC9972 /* ZoontagTests.swift in Sources */ = {isa = PBXBuildFile; fileRef = 1685478E2F00690000BC9972 /* ZoontagTests.swift */; };
		1685479A2F006A0000BC9972 /* FacetCounter.swift in Sources */ = {isa = PBXBuildFile; fileRef = 1685479B2F006A0000BC9972 /* FacetCounter.swift */; };
		1685479C2F006A0000BC9972 /* Models.swift in Sources */ = {isa = PBXBuildFile; fileRef = 1685479D2F006A0000BC9972 /* Models.swift */; };
		168547A02F006AB900BC9972 /* MetadataSearchController.swift in Sources */ = {isa = PBXBuildFile; fileRef = 1685479F2F006AB900BC9972 /* MetadataSearchController.swift */; };
		168547A22F006AC200BC9972 /* QueryState.swift in Sources */ = {isa = PBXBuildFile; fileRef = 168547A12F006AC200BC9972 /* QueryState.swift */; };
/* End PBXBuildFile section */

/* Begin PBXContainerItemProxy section */
		168547972F00690000BC9972 /* PBXContainerItemProxy */ = {
			isa = PBXContainerItemProxy;
			containerPortal = 168547542F00643D00BC9972 /* Project object */;
			proxyType = 1;
			remoteGlobalIDString = 1685475B2F00643D00BC9972;
			remoteInfo = Zoontag;
		};
/* End PBXContainerItemProxy section */

/* Begin PBXFileReference section */
		1685475C2F00643D00BC9972 /* Zoontag.app */ = {isa = PBXFileReference; explicitFileType = wrapper.application; includeInIndex = 0; path = Zoontag.app; sourceTree = BUILT_PRODUCTS_DIR; };
		168547762F00651600BC9972 /* README.md */ = {isa = PBXFileReference; lastKnownFileType = net.daringfireball.markdown; path = README.md; sourceTree = "<group>"; };
		1685478C2F00690000BC9972 /* ZoontagTests.xctest */ = {isa = PBXFileReference; explicitFileType = wrapper.cfbundle; includeInIndex = 0; path = ZoontagTests.xctest; sourceTree = BUILT_PRODUCTS_DIR; };
		1685478E2F00690000BC9972 /* ZoontagTests.swift */ = {isa = PBXFileReference; lastKnownFileType = sourcecode.swift; path = ZoontagTests.swift; sourceTree = "<group>"; };
		1685479B2F006A0000BC9972 /* FacetCounter.swift */ = {isa = PBXFileReference; lastKnownFileType = sourcecode.swift; name = FacetCounter.swift; path = ../Zoontag/FacetCounter.swift; sourceTree = "<group>"; };
		1685479D2F006A0000BC9972 /* Models.swift */ = {isa = PBXFileReference; lastKnownFileType = sourcecode.swift; name = Models.swift; path = ../Zoontag/Models.swift; sourceTree = "<group>"; };
		1685479F2F006AB900BC9972 /* MetadataSearchController.swift */ = {isa = PBXFileReference; lastKnownFileType = sourcecode.swift; name = MetadataSearchController.swift; path = ../Zoontag/MetadataSearchController.swift; sourceTree = "<group>"; };
		168547A12F006AC200BC9972 /* QueryState.swift */ = {isa = PBXFileReference; lastKnownFileType = sourcecode.swift; name = QueryState.swift; path = ../Zoontag/QueryState.swift; sourceTree = "<group>"; };
/* End PBXFileReference section */

/* Begin PBXFileSystemSynchronizedRootGroup section */
		1685475E2F00643D00BC9972 /* Zoontag */ = {
			isa = PBXFileSystemSynchronizedRootGroup;
			path = Zoontag;
			sourceTree = "<group>";
		};
/* End PBXFileSystemSynchronizedRootGroup section */

/* Begin PBXFrameworksBuildPhase section */
		168547592F00643D00BC9972 /* Frameworks */ = {
			isa = PBXFrameworksBuildPhase;
			buildActionMask = 2147483647;
			files = (
			);
			runOnlyForDeploymentPostprocessing = 0;
		};
		168547912F00690000BC9972 /* Frameworks */ = {
			isa = PBXFrameworksBuildPhase;
			buildActionMask = 2147483647;
			files = (
			);
			runOnlyForDeploymentPostprocessing = 0;
		};
/* End PBXFrameworksBuildPhase section */

/* Begin PBXGroup section */
		168547532F00643D00BC9972 = {
			isa = PBXGroup;
			children = (
				168547762F00651600BC9972 /* README.md */,
				168547982F00690000BC9972 /* ZoontagTests */,
				1685475E2F00643D00BC9972 /* Zoontag */,
				1685475D2F00643D00BC9972 /* Products */,
			);
			sourceTree = "<group>";
		};
		1685475D2F00643D00BC9972 /* Products */ = {
			isa = PBXGroup;
			children = (
				1685475C2F00643D00BC9972 /* Zoontag.app */,
				1685478C2F00690000BC9972 /* ZoontagTests.xctest */,
			);
			name = Products;
			sourceTree = "<group>";
		};
		168547982F00690000BC9972 /* ZoontagTests */ = {
			isa = PBXGroup;
			children = (
				1685478E2F00690000BC9972 /* ZoontagTests.swift */,
				1685479B2F006A0000BC9972 /* FacetCounter.swift */,
				1685479D2F006A0000BC9972 /* Models.swift */,
				1685479F2F006AB900BC9972 /* MetadataSearchController.swift */,
				168547A12F006AC200BC9972 /* QueryState.swift */,
			);
			path = ZoontagTests;
			sourceTree = "<group>";
		};
/* End PBXGroup section */

/* Begin PBXNativeTarget section */
		1685475B2F00643D00BC9972 /* Zoontag */ = {
			isa = PBXNativeTarget;
			buildConfigurationList = 168547672F00643F00BC9972 /* Build configuration list for PBXNativeTarget "Zoontag" */;
			buildPhases = (
				168547582F00643D00BC9972 /* Sources */,
				168547592F00643D00BC9972 /* Frameworks */,
				1685475A2F00643D00BC9972 /* Resources */,
			);
			buildRules = (
			);
			dependencies = (
			);
			fileSystemSynchronizedGroups = (
				1685475E2F00643D00BC9972 /* Zoontag */,
			);
			name = Zoontag;
			packageProductDependencies = (
			);
			productName = Zoontag;
			productReference = 1685475C2F00643D00BC9972 /* Zoontag.app */;
			productType = "com.apple.product-type.application";
		};
		1685478D2F00690000BC9972 /* ZoontagTests */ = {
			isa = PBXNativeTarget;
			buildConfigurationList = 168547932F00690000BC9972 /* Build configuration list for PBXNativeTarget "ZoontagTests" */;
			buildPhases = (
				168547902F00690000BC9972 /* Sources */,
				168547912F00690000BC9972 /* Frameworks */,
				168547922F00690000BC9972 /* Resources */,
			);
			buildRules = (
			);
			dependencies = (
				168547962F00690000BC9972 /* PBXTargetDependency */,
			);
			name = ZoontagTests;
			productName = ZoontagTests;
			productReference = 1685478C2F00690000BC9972 /* ZoontagTests.xctest */;
			productType = "com.apple.product-type.bundle.unit-test";
		};
/* End PBXNativeTarget section */

/* Begin PBXProject section */
		168547542F00643D00BC9972 /* Project object */ = {
			isa = PBXProject;
			attributes = {
				BuildIndependentTargetsInParallel = 1;
				LastSwiftUpdateCheck = 2610;
				LastUpgradeCheck = 2610;
				TargetAttributes = {
					1685475B2F00643D00BC9972 = {
						CreatedOnToolsVersion = 26.1.1;
					};
					1685478D2F00690000BC9972 = {
						CreatedOnToolsVersion = 26.1.1;
						TestTargetID = 1685475B2F00643D00BC9972;
					};
				};
			};
			buildConfigurationList = 168547572F00643D00BC9972 /* Build configuration list for PBXProject "Zoontag" */;
			developmentRegion = en;
			hasScannedForEncodings = 0;
			knownRegions = (
				en,
				Base,
			);
			mainGroup = 168547532F00643D00BC9972;
			minimizedProjectReferenceProxies = 1;
			preferredProjectObjectVersion = 77;
			productRefGroup = 1685475D2F00643D00BC9972 /* Products */;
			projectDirPath = "";
			projectRoot = "";
			targets = (
				1685475B2F00643D00BC9972 /* Zoontag */,
				1685478D2F00690000BC9972 /* ZoontagTests */,
			);
		};
/* End PBXProject section */

/* Begin PBXResourcesBuildPhase section */
		1685475A2F00643D00BC9972 /* Resources */ = {
			isa = PBXResourcesBuildPhase;
			buildActionMask = 2147483647;
			files = (
			);
			runOnlyForDeploymentPostprocessing = 0;
		};
		168547922F00690000BC9972 /* Resources */ = {
			isa = PBXResourcesBuildPhase;
			buildActionMask = 2147483647;
			files = (
			);
			runOnlyForDeploymentPostprocessing = 0;
		};
/* End PBXResourcesBuildPhase section */

/* Begin PBXSourcesBuildPhase section */
		168547582F00643D00BC9972 /* Sources */ = {
			isa = PBXSourcesBuildPhase;
			buildActionMask = 2147483647;
			files = (
			);
			runOnlyForDeploymentPostprocessing = 0;
		};
		168547902F00690000BC9972 /* Sources */ = {
			isa = PBXSourcesBuildPhase;
			buildActionMask = 2147483647;
			files = (
				1685479A2F006A0000BC9972 /* FacetCounter.swift in Sources */,
				168547A02F006AB900BC9972 /* MetadataSearchController.swift in Sources */,
				168547A22F006AC200BC9972 /* QueryState.swift in Sources */,
				1685479C2F006A0000BC9972 /* Models.swift in Sources */,
				1685478F2F00690000BC9972 /* ZoontagTests.swift in Sources */,
			);
			runOnlyForDeploymentPostprocessing = 0;
		};
/* End PBXSourcesBuildPhase section */

/* Begin PBXTargetDependency section */
		168547962F00690000BC9972 /* PBXTargetDependency */ = {
			isa = PBXTargetDependency;
			target = 1685475B2F00643D00BC9972 /* Zoontag */;
			targetProxy = 168547972F00690000BC9972 /* PBXContainerItemProxy */;
		};
/* End PBXTargetDependency section */

/* Begin XCBuildConfiguration section */
		168547652F00643F00BC9972 /* Debug */ = {
			isa = XCBuildConfiguration;
			buildSettings = {
				ALWAYS_SEARCH_USER_PATHS = NO;
				ASSETCATALOG_COMPILER_GENERATE_SWIFT_ASSET_SYMBOL_EXTENSIONS = YES;
				CLANG_ANALYZER_NONNULL = YES;
				CLANG_ANALYZER_NUMBER_OBJECT_CONVERSION = YES_AGGRESSIVE;
				CLANG_CXX_LANGUAGE_STANDARD = "gnu++20";
				CLANG_ENABLE_MODULES = YES;
				CLANG_ENABLE_OBJC_ARC = YES;
				CLANG_ENABLE_OBJC_WEAK = YES;
				CLANG_WARN_BLOCK_CAPTURE_AUTORELEASING = YES;
				CLANG_WARN_BOOL_CONVERSION = YES;
				CLANG_WARN_COMMA = YES;
				CLANG_WARN_CONSTANT_CONVERSION = YES;
				CLANG_WARN_DEPRECATED_OBJC_IMPLEMENTATIONS = YES;
				CLANG_WARN_DIRECT_OBJC_ISA_USAGE = YES_ERROR;
				CLANG_WARN_DOCUMENTATION_COMMENTS = YES;
				CLANG_WARN_EMPTY_BODY = YES;
				CLANG_WARN_ENUM_CONVERSION = YES;
				CLANG_WARN_INFINITE_RECURSION = YES;
				CLANG_WARN_INT_CONVERSION = YES;
				CLANG_WARN_NON_LITERAL_NULL_CONVERSION = YES;
				CLANG_WARN_OBJC_IMPLICIT_RETAIN_SELF = YES;
				CLANG_WARN_OBJC_LITERAL_CONVERSION = YES;
				CLANG_WARN_OBJC_ROOT_CLASS = YES_ERROR;
				CLANG_WARN_QUOTED_INCLUDE_IN_FRAMEWORK_HEADER = YES;
				CLANG_WARN_RANGE_LOOP_ANALYSIS = YES;
				CLANG_WARN_STRICT_PROTOTYPES = YES;
				CLANG_WARN_SUSPICIOUS_MOVE = YES;
				CLANG_WARN_UNGUARDED_AVAILABILITY = YES_AGGRESSIVE;
				CLANG_WARN_UNREACHABLE_CODE = YES;
				CLANG_WARN__DUPLICATE_METHOD_MATCH = YES;
				COPY_PHASE_STRIP = NO;
				DEBUG_INFORMATION_FORMAT = dwarf;
				ENABLE_STRICT_OBJC_MSGSEND = YES;
				ENABLE_TESTABILITY = YES;
				ENABLE_USER_SCRIPT_SANDBOXING = YES;
				GCC_C_LANGUAGE_STANDARD = gnu17;
				GCC_DYNAMIC_NO_PIC = NO;
				GCC_NO_COMMON_BLOCKS = YES;
				GCC_OPTIMIZATION_LEVEL = 0;
				GCC_PREPROCESSOR_DEFINITIONS = (
					"DEBUG=1",
					"$(inherited)",
				);
				GCC_WARN_64_TO_32_BIT_CONVERSION = YES;
				GCC_WARN_ABOUT_RETURN_TYPE = YES_ERROR;
				GCC_WARN_UNDECLARED_SELECTOR = YES;
				GCC_WARN_UNINITIALIZED_AUTOS = YES_AGGRESSIVE;
				GCC_WARN_UNUSED_FUNCTION = YES;
				GCC_WARN_UNUSED_VARIABLE = YES;
				LOCALIZATION_PREFERS_STRING_CATALOGS = YES;
				MACOSX_DEPLOYMENT_TARGET = 26.1;
				MTL_ENABLE_DEBUG_INFO = INCLUDE_SOURCE;
				MTL_FAST_MATH = YES;
				ONLY_ACTIVE_ARCH = YES;
				SDKROOT = macosx;
				SWIFT_ACTIVE_COMPILATION_CONDITIONS = "DEBUG $(inherited)";
				SWIFT_OPTIMIZATION_LEVEL = "-Onone";
			};
			name = Debug;
		};
		168547662F00643F00BC9972 /* Release */ = {
			isa = XCBuildConfiguration;
			buildSettings = {
				ALWAYS_SEARCH_USER_PATHS = NO;
				ASSETCATALOG_COMPILER_GENERATE_SWIFT_ASSET_SYMBOL_EXTENSIONS = YES;
				CLANG_ANALYZER_NONNULL = YES;
				CLANG_ANALYZER_NUMBER_OBJECT_CONVERSION = YES_AGGRESSIVE;
				CLANG_CXX_LANGUAGE_STANDARD = "gnu++20";
				CLANG_ENABLE_MODULES = YES;
				CLANG_ENABLE_OBJC_ARC = YES;
				CLANG_ENABLE_OBJC_WEAK = YES;
				CLANG_WARN_BLOCK_CAPTURE_AUTORELEASING = YES;
				CLANG_WARN_BOOL_CONVERSION = YES;
				CLANG_WARN_COMMA = YES;
				CLANG_WARN_CONSTANT_CONVERSION = YES;
				CLANG_WARN_DEPRECATED_OBJC_IMPLEMENTATIONS = YES;
				CLANG_WARN_DIRECT_OBJC_ISA_USAGE = YES_ERROR;
				CLANG_WARN_DOCUMENTATION_COMMENTS = YES;
				CLANG_WARN_EMPTY_BODY = YES;
				CLANG_WARN_ENUM_CONVERSION = YES;
				CLANG_WARN_INFINITE_RECURSION = YES;
				CLANG_WARN_INT_CONVERSION = YES;
				CLANG_WARN_NON_LITERAL_NULL_CONVERSION = YES;
				CLANG_WARN_OBJC_IMPLICIT_RETAIN_SELF = YES;
				CLANG_WARN_OBJC_LITERAL_CONVERSION = YES;
				CLANG_WARN_OBJC_ROOT_CLASS = YES_ERROR;
				CLANG_WARN_QUOTED_INCLUDE_IN_FRAMEWORK_HEADER = YES;
				CLANG_WARN_RANGE_LOOP_ANALYSIS = YES;
				CLANG_WARN_STRICT_PROTOTYPES = YES;
				CLANG_WARN_SUSPICIOUS_MOVE = YES;
				CLANG_WARN_UNGUARDED_AVAILABILITY = YES_AGGRESSIVE;
				CLANG_WARN_UNREACHABLE_CODE = YES;
				CLANG_WARN__DUPLICATE_METHOD_MATCH = YES;
				COPY_PHASE_STRIP = NO;
				DEBUG_INFORMATION_FORMAT = "dwarf-with-dsym";
				ENABLE_NS_ASSERTIONS = NO;
				ENABLE_STRICT_OBJC_MSGSEND = YES;
				ENABLE_USER_SCRIPT_SANDBOXING = YES;
				GCC_C_LANGUAGE_STANDARD = gnu17;
				GCC_NO_COMMON_BLOCKS = YES;
				GCC_WARN_64_TO_32_BIT_CONVERSION = YES;
				GCC_WARN_ABOUT_RETURN_TYPE = YES_ERROR;
				GCC_WARN_UNDECLARED_SELECTOR = YES;
				GCC_WARN_UNINITIALIZED_AUTOS = YES_AGGRESSIVE;
				GCC_WARN_UNUSED_FUNCTION = YES;
				GCC_WARN_UNUSED_VARIABLE = YES;
				LOCALIZATION_PREFERS_STRING_CATALOGS = YES;
				MACOSX_DEPLOYMENT_TARGET = 26.1;
				MTL_ENABLE_DEBUG_INFO = NO;
				MTL_FAST_MATH = YES;
				SDKROOT = macosx;
				SWIFT_COMPILATION_MODE = wholemodule;
			};
			name = Release;
		};
		168547682F00643F00BC9972 /* Debug */ = {
			isa = XCBuildConfiguration;
			buildSettings = {
				ASSETCATALOG_COMPILER_APPICON_NAME = AppIcon;
				ASSETCATALOG_COMPILER_GLOBAL_ACCENT_COLOR_NAME = AccentColor;
				CODE_SIGN_STYLE = Automatic;
				COMBINE_HIDPI_IMAGES = YES;
				CURRENT_PROJECT_VERSION = 1;
				ENABLE_APP_SANDBOX = YES;
				ENABLE_PREVIEWS = YES;
				ENABLE_USER_SELECTED_FILES = readonly;
				GENERATE_INFOPLIST_FILE = YES;
				INFOPLIST_KEY_NSHumanReadableCopyright = "";
				LD_RUNPATH_SEARCH_PATHS = (
					"$(inherited)",
					"@executable_path/../Frameworks",
				);
				MARKETING_VERSION = 1.0;
				PRODUCT_BUNDLE_IDENTIFIER = ws.musk.Zoontag;
				PRODUCT_NAME = "$(TARGET_NAME)";
				REGISTER_APP_GROUPS = YES;
				STRING_CATALOG_GENERATE_SYMBOLS = YES;
				SWIFT_APPROACHABLE_CONCURRENCY = YES;
				SWIFT_DEFAULT_ACTOR_ISOLATION = MainActor;
				SWIFT_EMIT_LOC_STRINGS = YES;
				SWIFT_UPCOMING_FEATURE_MEMBER_IMPORT_VISIBILITY = YES;
				SWIFT_VERSION = 5.0;
			};
			name = Debug;
		};
		168547692F00643F00BC9972 /* Release */ = {
			isa = XCBuildConfiguration;
			buildSettings = {
				ASSETCATALOG_COMPILER_APPICON_NAME = AppIcon;
				ASSETCATALOG_COMPILER_GLOBAL_ACCENT_COLOR_NAME = AccentColor;
				CODE_SIGN_STYLE = Automatic;
				COMBINE_HIDPI_IMAGES = YES;
				CURRENT_PROJECT_VERSION = 1;
				ENABLE_APP_SANDBOX = YES;
				ENABLE_PREVIEWS = YES;
				ENABLE_USER_SELECTED_FILES = readonly;
				GENERATE_INFOPLIST_FILE = YES;
				INFOPLIST_KEY_NSHumanReadableCopyright = "";
				LD_RUNPATH_SEARCH_PATHS = (
					"$(inherited)",
					"@executable_path/../Frameworks",
				);
				MARKETING_VERSION = 1.0;
				PRODUCT_BUNDLE_IDENTIFIER = ws.musk.Zoontag;
				PRODUCT_NAME = "$(TARGET_NAME)";
				REGISTER_APP_GROUPS = YES;
				STRING_CATALOG_GENERATE_SYMBOLS = YES;
				SWIFT_APPROACHABLE_CONCURRENCY = YES;
				SWIFT_DEFAULT_ACTOR_ISOLATION = MainActor;
				SWIFT_EMIT_LOC_STRINGS = YES;
				SWIFT_UPCOMING_FEATURE_MEMBER_IMPORT_VISIBILITY = YES;
				SWIFT_VERSION = 5.0;
			};
			name = Release;
		};
		168547942F00690000BC9972 /* Debug */ = {
			isa = XCBuildConfiguration;
			buildSettings = {
				ALWAYS_EMBED_SWIFT_STANDARD_LIBRARIES = YES;
				BUNDLE_LOADER = "";
				CODE_SIGN_STYLE = Automatic;
				CURRENT_PROJECT_VERSION = 1;
				DEVELOPMENT_TEAM = "";
				FRAMEWORK_SEARCH_PATHS = "$(inherited)";
				GENERATE_INFOPLIST_FILE = YES;
				INFOPLIST_KEY_CFBundleVersion = "1";
				LD_RUNPATH_SEARCH_PATHS = (
					"$(inherited)",
					"@executable_path/../Frameworks",
					"@loader_path/../Frameworks",
				);
				MACOSX_DEPLOYMENT_TARGET = 26.1;
				PRODUCT_BUNDLE_IDENTIFIER = com.zoontag.tests;
				PRODUCT_NAME = "$(TARGET_NAME)";
				SWIFT_ACTIVE_COMPILATION_CONDITIONS = "DEBUG $(inherited)";
				SWIFT_OPTIMIZATION_LEVEL = "-Onone";
				SWIFT_VERSION = 5.0;
				TEST_HOST = "";
			};
			name = Debug;
		};
		168547952F00690000BC9972 /* Release */ = {
			isa = XCBuildConfiguration;
			buildSettings = {
				ALWAYS_EMBED_SWIFT_STANDARD_LIBRARIES = YES;
				BUNDLE_LOADER = "";
				CODE_SIGN_STYLE = Automatic;
				CURRENT_PROJECT_VERSION = 1;
				DEVELOPMENT_TEAM = "";
				FRAMEWORK_SEARCH_PATHS = "$(inherited)";
				GENERATE_INFOPLIST_FILE = YES;
				INFOPLIST_KEY_CFBundleVersion = "1";
				LD_RUNPATH_SEARCH_PATHS = (
					"$(inherited)",
					"@executable_path/../Frameworks",
					"@loader_path/../Frameworks",
				);
				MACOSX_DEPLOYMENT_TARGET = 26.1;
				PRODUCT_BUNDLE_IDENTIFIER = com.zoontag.tests;
				PRODUCT_NAME = "$(TARGET_NAME)";
				SWIFT_COMPILATION_MODE = wholemodule;
				SWIFT_VERSION = 5.0;
				TEST_HOST = "";
			};
			name = Release;
		};
/* End XCBuildConfiguration section */

/* Begin XCConfigurationList section */
		168547572F00643D00BC9972 /* Build configuration list for PBXProject "Zoontag" */ = {
			isa = XCConfigurationList;
			buildConfigurations = (
				168547652F00643F00BC9972 /* Debug */,
				168547662F00643F00BC9972 /* Release */,
			);
			defaultConfigurationIsVisible = 0;
			defaultConfigurationName = Release;
		};
		168547672F00643F00BC9972 /* Build configuration list for PBXNativeTarget "Zoontag" */ = {
			isa = XCConfigurationList;
			buildConfigurations = (
				168547682F00643F00BC9972 /* Debug */,
				168547692F00643F00BC9972 /* Release */,
			);
			defaultConfigurationIsVisible = 0;
			defaultConfigurationName = Release;
		};
		168547932F00690000BC9972 /* Build configuration list for PBXNativeTarget "ZoontagTests" */ = {
			isa = XCConfigurationList;
			buildConfigurations = (
				168547942F00690000BC9972 /* Debug */,
				168547952F00690000BC9972 /* Release */,
			);
			defaultConfigurationIsVisible = 0;
			defaultConfigurationName = Debug;
		};
/* End XCConfigurationList section */
	};
	rootObject = 168547542F00643D00BC9972 /* Project object */;
}
